{
  "nodes": {
    "home-manager": {
      "inputs": {
        "nixpkgs": [
          "nixpkgs"
        ]
      },
      "locked": {
        "lastModified": 1693399033,
        "narHash": "sha256-yXhiMo8MnE86sGtPIHAKaLHhmhe8v9tqGGotlUgKJvY=",
        "owner": "rycee",
        "repo": "home-manager",
        "rev": "f5c15668f9842dd4d5430787d6aa8a28a07f7c10",
        "type": "github"
      },
      "original": {
        "owner": "rycee",
        "ref": "master",
        "repo": "home-manager",
        "type": "github"
      }
    },
    "nixpkgs": {
      "locked": {
        "lastModified": 1693419719,
        "narHash": "sha256-97osUHY8lJp10dB2LPhpWuFxwKo3WX7bBf1PpnqUbik=",
        "owner": "NixOS",
        "repo": "nixpkgs",
        "rev": "2e069f7015e70a07c0b45c422cc27b435f113cbb",
        "type": "github"
      },
      "original": {
        "owner": "NixOS",
        "ref": "master",
        "repo": "nixpkgs",
        "type": "github"
      }
    },
    "root": {
      "inputs": {
        "home-manager": "home-manager",
        "nixpkgs": "nixpkgs"
      }
    }
  },
  "root": "root",
  "version": 7
}
